
Microsoft Visual Studio Solution File, Format Version 12.00
# Visual Studio Version 17
VisualStudioVersion = 17.14.37012.4 d17.14
MinimumVisualStudioVersion = 10.0.40219.1
Project("{FAE04EC0-301F-11D3-BF4B-00C04F79EFBC}") = "NutriEval.API", "NutriEval.API\NutriEval.API.csproj", "{6FAA4C36-E875-4773-8D51-C496F0361149}"
EndProject
Global
	GlobalSection(SolutionConfigurationPlatforms) = preSolution
		Debug|Any CPU = Debug|Any CPU
		Release|Any CPU = Release|Any CPU
	EndGlobalSection
	GlobalSection(ProjectConfigurationPlatforms) = postSolution
		{6FAA4C36-E875-4773-8D51-C496F0361149}.Debug|Any CPU.ActiveCfg = Debug|Any CPU
		{6FAA4C36-E875-4773-8D51-C496F0361149}.Debug|Any CPU.Build.0 = Debug|Any CPU
		{6FAA4C36-E875-4773-8D51-C496F0361149}.Release|Any CPU.ActiveCfg = Release|Any CPU
		{6FAA4C36-E875-4773-8D51-C496F0361149}.Release|Any CPU.Build.0 = Release|Any CPU
	EndGlobalSection
	GlobalSection(SolutionProperties) = preSolution
		HideSolutionNode = FALSE
	EndGlobalSection
	GlobalSection(ExtensibilityGlobals) = postSolution
		SolutionGuid = {8E1EE1B5-DD43-4D04-A5B8-EC6B8C3E6C93}
	EndGlobalSection
EndGlobal
